PODS:
  - LinEqua (0.1.0)
  - MBProgressHUD (1.0.0)

DEPENDENCIES:
  - LinEqua (from `../`)
  - MBProgressHUD (~> 1.0)

EXTERNAL SOURCES:
  LinEqua:
    :path: ../

SPEC CHECKSUMS:
  LinEqua: 4e32aa1f5542bb02164f360e5761cd957676e5af
  MBProgressHUD: 4890f671c94e8a0f3cf959aa731e9de2f036d71a

PODFILE CHECKSUM: 51168a194dc8fd1c266b8a9c176dc3ffc60224d4

COCOAPODS: 1.2.1
